
Microsoft Visual Studio Solution File, Format Version 12.00
# Visual Studio Version 17
VisualStudioVersion = 17.5.33424.131
MinimumVisualStudioVersion = 10.0.40219.1
Project("{E53339B2-1760-4266-BCC7-CA923CBCF16C}") = "docker-compose", "src\docker-compose.dcproj", "{6B3FC313-E15A-4067-8AFB-BE761D9636C4}"
EndProject
Project("{9A19103F-16F7-4668-BE54-9A1E7A4F7556}") = "Core", "src\Data\Core.csproj", "{CF3E4D3A-CFF1-48EB-BEB5-606C318E832E}"
EndProject
Project("{9A19103F-16F7-4668-BE54-9A1E7A4F7556}") = "LuminaPath", "src\LuminaPath\LuminaPath.csproj", "{3E530078-98B2-490E-A28C-EE3BAE4FC9E3}"
EndProject
Project("{9A19103F-16F7-4668-BE54-9A1E7A4F7556}") = "Test", "Test\Test.csproj", "{4C349ECA-B704-48EE-9911-5DA8409F140D}"
EndProject
Project("{FAE04EC0-301F-11D3-BF4B-00C04F79EFBC}") = "Infrastructure", "src\Infrastructure\Infrastructure.csproj", "{00EBE30A-E780-4678-A17A-5D59184AE516}"
EndProject
Project("{FAE04EC0-301F-11D3-BF4B-00C04F79EFBC}") = "Server", "src\Server\Server.csproj", "{4936733F-459F-4C47-8088-E46807547BB5}"
EndProject
Global
	GlobalSection(SolutionConfigurationPlatforms) = preSolution
		Debug|Any CPU = Debug|Any CPU
		Release|Any CPU = Release|Any CPU
	EndGlobalSection
	GlobalSection(ProjectConfigurationPlatforms) = postSolution
		{6B3FC313-E15A-4067-8AFB-BE761D9636C4}.Debug|Any CPU.ActiveCfg = Debug|Any CPU
		{6B3FC313-E15A-4067-8AFB-BE761D9636C4}.Debug|Any CPU.Build.0 = Debug|Any CPU
		{6B3FC313-E15A-4067-8AFB-BE761D9636C4}.Release|Any CPU.ActiveCfg = Release|Any CPU
		{6B3FC313-E15A-4067-8AFB-BE761D9636C4}.Release|Any CPU.Build.0 = Release|Any CPU
		{CF3E4D3A-CFF1-48EB-BEB5-606C318E832E}.Debug|Any CPU.ActiveCfg = Debug|Any CPU
		{CF3E4D3A-CFF1-48EB-BEB5-606C318E832E}.Debug|Any CPU.Build.0 = Debug|Any CPU
		{CF3E4D3A-CFF1-48EB-BEB5-606C318E832E}.Release|Any CPU.ActiveCfg = Release|Any CPU
		{CF3E4D3A-CFF1-48EB-BEB5-606C318E832E}.Release|Any CPU.Build.0 = Release|Any CPU
		{3E530078-98B2-490E-A28C-EE3BAE4FC9E3}.Debug|Any CPU.ActiveCfg = Debug|Any CPU
		{3E530078-98B2-490E-A28C-EE3BAE4FC9E3}.Debug|Any CPU.Build.0 = Debug|Any CPU
		{3E530078-98B2-490E-A28C-EE3BAE4FC9E3}.Release|Any CPU.ActiveCfg = Release|Any CPU
		{3E530078-98B2-490E-A28C-EE3BAE4FC9E3}.Release|Any CPU.Build.0 = Release|Any CPU
		{4C349ECA-B704-48EE-9911-5DA8409F140D}.Debug|Any CPU.ActiveCfg = Debug|Any CPU
		{4C349ECA-B704-48EE-9911-5DA8409F140D}.Debug|Any CPU.Build.0 = Debug|Any CPU
		{4C349ECA-B704-48EE-9911-5DA8409F140D}.Release|Any CPU.ActiveCfg = Release|Any CPU
		{4C349ECA-B704-48EE-9911-5DA8409F140D}.Release|Any CPU.Build.0 = Release|Any CPU
		{00EBE30A-E780-4678-A17A-5D59184AE516}.Debug|Any CPU.ActiveCfg = Debug|Any CPU
		{00EBE30A-E780-4678-A17A-5D59184AE516}.Debug|Any CPU.Build.0 = Debug|Any CPU
		{00EBE30A-E780-4678-A17A-5D59184AE516}.Release|Any CPU.ActiveCfg = Release|Any CPU
		{00EBE30A-E780-4678-A17A-5D59184AE516}.Release|Any CPU.Build.0 = Release|Any CPU
		{4936733F-459F-4C47-8088-E46807547BB5}.Debug|Any CPU.ActiveCfg = Debug|Any CPU
		{4936733F-459F-4C47-8088-E46807547BB5}.Debug|Any CPU.Build.0 = Debug|Any CPU
		{4936733F-459F-4C47-8088-E46807547BB5}.Release|Any CPU.ActiveCfg = Release|Any CPU
		{4936733F-459F-4C47-8088-E46807547BB5}.Release|Any CPU.Build.0 = Release|Any CPU
	EndGlobalSection
	GlobalSection(SolutionProperties) = preSolution
		HideSolutionNode = FALSE
	EndGlobalSection
	GlobalSection(ExtensibilityGlobals) = postSolution
		SolutionGuid = {9DF49DE3-F435-47AF-8A0C-3E3D456A37B7}
	EndGlobalSection
EndGlobal
